// !$*UTF8*$!
{
	archiveVersion = 1;
	classes = {
	};
	objectVersion = 46;
	objects = {

/* Begin PBXBuildFile section */
		0238231918238BB90087B226 /* 80bpm_simple_drum.mp3 in Resources */ = {isa = PBXBuildFile; fileRef = 0238231818238BB90087B226 /* 80bpm_simple_drum.mp3 */; };
		0238231B182391510087B226 /* 100bpm.mp3 in Resources */ = {isa = PBXBuildFile; fileRef = 0238231A182391510087B226 /* 100bpm.mp3 */; };
		024B5CB71822E9BF00D26329 /* Gameplay.m in Sources */ = {isa = PBXBuildFile; fileRef = 024B5CB61822E9BF00D26329 /* Gameplay.m */; };
		3700C8D8181AED6E0065EA17 /* Foundation.framework in Frameworks */ = {isa = PBXBuildFile; fileRef = 3700C8D7181AED6E0065EA17 /* Foundation.framework */; };
		3700C8DA181AED6E0065EA17 /* CoreGraphics.framework in Frameworks */ = {isa = PBXBuildFile; fileRef = 3700C8D9181AED6E0065EA17 /* CoreGraphics.framework */; };
		3700C8DC181AED6E0065EA17 /* UIKit.framework in Frameworks */ = {isa = PBXBuildFile; fileRef = 3700C8DB181AED6E0065EA17 /* UIKit.framework */; };
		3700C8DE181AED6E0065EA17 /* SpriteKit.framework in Frameworks */ = {isa = PBXBuildFile; fileRef = 3700C8DD181AED6E0065EA17 /* SpriteKit.framework */; };
		3700C8E4181AED6E0065EA17 /* InfoPlist.strings in Resources */ = {isa = PBXBuildFile; fileRef = 3700C8E2181AED6E0065EA17 /* InfoPlist.strings */; };
		3700C8E6181AED6E0065EA17 /* main.m in Sources */ = {isa = PBXBuildFile; fileRef = 3700C8E5181AED6E0065EA17 /* main.m */; };
		3700C8EA181AED6E0065EA17 /* AppDelegate.m in Sources */ = {isa = PBXBuildFile; fileRef = 3700C8E9181AED6E0065EA17 /* AppDelegate.m */; };
		3700C8ED181AED6E0065EA17 /* Main.storyboard in Resources */ = {isa = PBXBuildFile; fileRef = 3700C8EB181AED6E0065EA17 /* Main.storyboard */; };
		3700C8F0181AED6E0065EA17 /* ViewController.m in Sources */ = {isa = PBXBuildFile; fileRef = 3700C8EF181AED6E0065EA17 /* ViewController.m */; };
		3700C8F3181AED6E0065EA17 /* MyScene.m in Sources */ = {isa = PBXBuildFile; fileRef = 3700C8F2181AED6E0065EA17 /* MyScene.m */; };
		3700C8F5181AED6E0065EA17 /* Spaceship.png in Resources */ = {isa = PBXBuildFile; fileRef = 3700C8F4181AED6E0065EA17 /* Spaceship.png */; };
		3700C8F7181AED6E0065EA17 /* Images.xcassets in Resources */ = {isa = PBXBuildFile; fileRef = 3700C8F6181AED6E0065EA17 /* Images.xcassets */; };
		3700C8FE181AED6E0065EA17 /* XCTest.framework in Frameworks */ = {isa = PBXBuildFile; fileRef = 3700C8FD181AED6E0065EA17 /* XCTest.framework */; };
		3700C8FF181AED6E0065EA17 /* Foundation.framework in Frameworks */ = {isa = PBXBuildFile; fileRef = 3700C8D7181AED6E0065EA17 /* Foundation.framework */; };
		3700C900181AED6E0065EA17 /* UIKit.framework in Frameworks */ = {isa = PBXBuildFile; fileRef = 3700C8DB181AED6E0065EA17 /* UIKit.framework */; };
		3700C908181AED6E0065EA17 /* InfoPlist.strings in Resources */ = {isa = PBXBuildFile; fileRef = 3700C906181AED6E0065EA17 /* InfoPlist.strings */; };
		3700C90A181AED6E0065EA17 /* basicGameTests.m in Sources */ = {isa = PBXBuildFile; fileRef = 3700C909181AED6E0065EA17 /* basicGameTests.m */; };
		3700C914181AEE900065EA17 /* Untitled.png in Resources */ = {isa = PBXBuildFile; fileRef = 3700C913181AEE900065EA17 /* Untitled.png */; };
		3700C916181AEEF80065EA17 /* backGround.jpg in Resources */ = {isa = PBXBuildFile; fileRef = 3700C915181AEEF80065EA17 /* backGround.jpg */; };
		3700C918181AF2880065EA17 /* player2.png in Resources */ = {isa = PBXBuildFile; fileRef = 3700C917181AF2880065EA17 /* player2.png */; };
		370C6789181C9448008202E3 /* b2.png in Resources */ = {isa = PBXBuildFile; fileRef = 370C6788181C9448008202E3 /* b2.png */; };
		37970D10181F3CF300B75735 /* dodgeItem.png in Resources */ = {isa = PBXBuildFile; fileRef = 37970D0F181F3CF300B75735 /* dodgeItem.png */; };
		450A1A7B182047AC00BA5711 /* gameBackground.png in Resources */ = {isa = PBXBuildFile; fileRef = 450A1A7A182047AC00BA5711 /* gameBackground.png */; };
		450A1A7D182049A500BA5711 /* test1.wav in Resources */ = {isa = PBXBuildFile; fileRef = 450A1A7C182049A500BA5711 /* test1.wav */; };
/* End PBXBuildFile section */

/* Begin PBXContainerItemProxy section */
		3700C901181AED6E0065EA17 /* PBXContainerItemProxy */ = {
			isa = PBXContainerItemProxy;
			containerPortal = 3700C8CC181AED6E0065EA17 /* Project object */;
			proxyType = 1;
			remoteGlobalIDString = 3700C8D3181AED6E0065EA17;
			remoteInfo = basicGame;
		};
/* End PBXContainerItemProxy section */

/* Begin PBXFileReference section */
		0238231818238BB90087B226 /* 80bpm_simple_drum.mp3 */ = {isa = PBXFileReference; lastKnownFileType = audio.mp3; path = 80bpm_simple_drum.mp3; sourceTree = "<group>"; };
		0238231A182391510087B226 /* 100bpm.mp3 */ = {isa = PBXFileReference; lastKnownFileType = audio.mp3; path = 100bpm.mp3; sourceTree = "<group>"; };
		024B5CB51822E9BF00D26329 /* Gameplay.h */ = {isa = PBXFileReference; fileEncoding = 4; lastKnownFileType = sourcecode.c.h; path = Gameplay.h; sourceTree = "<group>"; };
		024B5CB61822E9BF00D26329 /* Gameplay.m */ = {isa = PBXFileReference; fileEncoding = 4; lastKnownFileType = sourcecode.c.objc; path = Gameplay.m; sourceTree = "<group>"; };
		3700C8D4181AED6E0065EA17 /* basicGame.app */ = {isa = PBXFileReference; explicitFileType = wrapper.application; includeInIndex = 0; path = basicGame.app; sourceTree = BUILT_PRODUCTS_DIR; };
		3700C8D7181AED6E0065EA17 /* Foundation.framework */ = {isa = PBXFileReference; lastKnownFileType = wrapper.framework; name = Foundation.framework; path = System/Library/Frameworks/Foundation.framework; sourceTree = SDKROOT; };
		3700C8D9181AED6E0065EA17 /* CoreGraphics.framework */ = {isa = PBXFileReference; lastKnownFileType = wrapper.framework; name = CoreGraphics.framework; path = System/Library/Frameworks/CoreGraphics.framework; sourceTree = SDKROOT; };
		3700C8DB181AED6E0065EA17 /* UIKit.framework */ = {isa = PBXFileReference; lastKnownFileType = wrapper.framework; name = UIKit.framework; path = System/Library/Frameworks/UIKit.framework; sourceTree = SDKROOT; };
		3700C8DD181AED6E0065EA17 /* SpriteKit.framework */ = {isa = PBXFileReference; lastKnownFileType = wrapper.framework; name = SpriteKit.framework; path = System/Library/Frameworks/SpriteKit.framework; sourceTree = SDKROOT; };
		3700C8E1181AED6E0065EA17 /* basicGame-Info.plist */ = {isa = PBXFileReference; lastKnownFileType = text.plist.xml; path = "basicGame-Info.plist"; sourceTree = "<group>"; };
		3700C8E3181AED6E0065EA17 /* en */ = {isa = PBXFileReference; lastKnownFileType = text.plist.strings; name = en; path = en.lproj/InfoPlist.strings; sourceTree = "<group>"; };
		3700C8E5181AED6E0065EA17 /* main.m */ = {isa = PBXFileReference; lastKnownFileType = sourcecode.c.objc; path = main.m; sourceTree = "<group>"; };
		3700C8E7181AED6E0065EA17 /* basicGame-Prefix.pch */ = {isa = PBXFileReference; lastKnownFileType = sourcecode.c.h; path = "basicGame-Prefix.pch"; sourceTree = "<group>"; };
		3700C8E8181AED6E0065EA17 /* AppDelegate.h */ = {isa = PBXFileReference; lastKnownFileType = sourcecode.c.h; path = AppDelegate.h; sourceTree = "<group>"; };
		3700C8E9181AED6E0065EA17 /* AppDelegate.m */ = {isa = PBXFileReference; lastKnownFileType = sourcecode.c.objc; path = AppDelegate.m; sourceTree = "<group>"; };
		3700C8EC181AED6E0065EA17 /* Base */ = {isa = PBXFileReference; lastKnownFileType = file.storyboard; name = Base; path = Base.lproj/Main.storyboard; sourceTree = "<group>"; };
		3700C8EE181AED6E0065EA17 /* ViewController.h */ = {isa = PBXFileReference; lastKnownFileType = sourcecode.c.h; path = ViewController.h; sourceTree = "<group>"; };
		3700C8EF181AED6E0065EA17 /* ViewController.m */ = {isa = PBXFileReference; lastKnownFileType = sourcecode.c.objc; path = ViewController.m; sourceTree = "<group>"; };
		3700C8F1181AED6E0065EA17 /* MyScene.h */ = {isa = PBXFileReference; lastKnownFileType = sourcecode.c.h; path = MyScene.h; sourceTree = "<group>"; };
		3700C8F2181AED6E0065EA17 /* MyScene.m */ = {isa = PBXFileReference; lastKnownFileType = sourcecode.c.objc; path = MyScene.m; sourceTree = "<group>"; };
		3700C8F4181AED6E0065EA17 /* Spaceship.png */ = {isa = PBXFileReference; lastKnownFileType = image.png; path = Spaceship.png; sourceTree = "<group>"; };
		3700C8F6181AED6E0065EA17 /* Images.xcassets */ = {isa = PBXFileReference; lastKnownFileType = folder.assetcatalog; path = Images.xcassets; sourceTree = "<group>"; };
		3700C8FC181AED6E0065EA17 /* basicGameTests.xctest */ = {isa = PBXFileReference; explicitFileType = wrapper.cfbundle; includeInIndex = 0; path = basicGameTests.xctest; sourceTree = BUILT_PRODUCTS_DIR; };
		3700C8FD181AED6E0065EA17 /* XCTest.framework */ = {isa = PBXFileReference; lastKnownFileType = wrapper.framework; name = XCTest.framework; path = Library/Frameworks/XCTest.framework; sourceTree = DEVELOPER_DIR; };
		3700C905181AED6E0065EA17 /* basicGameTests-Info.plist */ = {isa = PBXFileReference; lastKnownFileType = text.plist.xml; path = "basicGameTests-Info.plist"; sourceTree = "<group>"; };
		3700C907181AED6E0065EA17 /* en */ = {isa = PBXFileReference; lastKnownFileType = text.plist.strings; name = en; path = en.lproj/InfoPlist.strings; sourceTree = "<group>"; };
		3700C909181AED6E0065EA17 /* basicGameTests.m */ = {isa = PBXFileReference; lastKnownFileType = sourcecode.c.objc; path = basicGameTests.m; sourceTree = "<group>"; };
		3700C913181AEE900065EA17 /* Untitled.png */ = {isa = PBXFileReference; lastKnownFileType = image.png; path = Untitled.png; sourceTree = "<group>"; };
		3700C915181AEEF80065EA17 /* backGround.jpg */ = {isa = PBXFileReference; lastKnownFileType = image.jpeg; path = backGround.jpg; sourceTree = "<group>"; };
		3700C917181AF2880065EA17 /* player2.png */ = {isa = PBXFileReference; lastKnownFileType = image.png; name = player2.png; path = ../player2.png; sourceTree = "<group>"; };
		370C6788181C9448008202E3 /* b2.png */ = {isa = PBXFileReference; lastKnownFileType = image.png; path = b2.png; sourceTree = "<group>"; };
		37970D0F181F3CF300B75735 /* dodgeItem.png */ = {isa = PBXFileReference; lastKnownFileType = image.png; path = dodgeItem.png; sourceTree = "<group>"; };
		450A1A7A182047AC00BA5711 /* gameBackground.png */ = {isa = PBXFileReference; lastKnownFileType = image.png; path = gameBackground.png; sourceTree = "<group>"; };
		450A1A7C182049A500BA5711 /* test1.wav */ = {isa = PBXFileReference; lastKnownFileType = audio.wav; path = test1.wav; sourceTree = "<group>"; };
/* End PBXFileReference section */

/* Begin PBXFrameworksBuildPhase section */
		3700C8D1181AED6E0065EA17 /* Frameworks */ = {
			isa = PBXFrameworksBuildPhase;
			buildActionMask = 2147483647;
			files = (
				3700C8DA181AED6E0065EA17 /* CoreGraphics.framework in Frameworks */,
				3700C8DC181AED6E0065EA17 /* UIKit.framework in Frameworks */,
				3700C8DE181AED6E0065EA17 /* SpriteKit.framework in Frameworks */,
				3700C8D8181AED6E0065EA17 /* Foundation.framework in Frameworks */,
			);
			runOnlyForDeploymentPostprocessing = 0;
		};
		3700C8F9181AED6E0065EA17 /* Frameworks */ = {
			isa = PBXFrameworksBuildPhase;
			buildActionMask = 2147483647;
			files = (
				3700C8FE181AED6E0065EA17 /* XCTest.framework in Frameworks */,
				3700C900181AED6E0065EA17 /* UIKit.framework in Frameworks */,
				3700C8FF181AED6E0065EA17 /* Foundation.framework in Frameworks */,
			);
			runOnlyForDeploymentPostprocessing = 0;
		};
/* End PBXFrameworksBuildPhase section */

/* Begin PBXGroup section */
		3700C8CB181AED6E0065EA17 = {
			isa = PBXGroup;
			children = (
				3700C8DF181AED6E0065EA17 /* basicGame */,
				3700C903181AED6E0065EA17 /* basicGameTests */,
				3700C8D6181AED6E0065EA17 /* Frameworks */,
				3700C8D5181AED6E0065EA17 /* Products */,
			);
			sourceTree = "<group>";
		};
		3700C8D5181AED6E0065EA17 /* Products */ = {
			isa = PBXGroup;
			children = (
				3700C8D4181AED6E0065EA17 /* basicGame.app */,
				3700C8FC181AED6E0065EA17 /* basicGameTests.xctest */,
			);
			name = Products;
			sourceTree = "<group>";
		};
		3700C8D6181AED6E0065EA17 /* Frameworks */ = {
			isa = PBXGroup;
			children = (
				3700C8D7181AED6E0065EA17 /* Foundation.framework */,
				3700C8D9181AED6E0065EA17 /* CoreGraphics.framework */,
				3700C8DB181AED6E0065EA17 /* UIKit.framework */,
				3700C8DD181AED6E0065EA17 /* SpriteKit.framework */,
				3700C8FD181AED6E0065EA17 /* XCTest.framework */,
			);
			name = Frameworks;
			sourceTree = "<group>";
		};
		3700C8DF181AED6E0065EA17 /* basicGame */ = {
			isa = PBXGroup;
			children = (
				3700C8E8181AED6E0065EA17 /* AppDelegate.h */,
				3700C8E9181AED6E0065EA17 /* AppDelegate.m */,
				3700C8EB181AED6E0065EA17 /* Main.storyboard */,
				3700C8EE181AED6E0065EA17 /* ViewController.h */,
				3700C8EF181AED6E0065EA17 /* ViewController.m */,
				3700C8F1181AED6E0065EA17 /* MyScene.h */,
				3700C8F2181AED6E0065EA17 /* MyScene.m */,
				024B5CB51822E9BF00D26329 /* Gameplay.h */,
				024B5CB61822E9BF00D26329 /* Gameplay.m */,
				3700C8F4181AED6E0065EA17 /* Spaceship.png */,
				3700C8F6181AED6E0065EA17 /* Images.xcassets */,
				3700C8E0181AED6E0065EA17 /* Supporting Files */,
			);
			path = basicGame;
			sourceTree = "<group>";
		};
		3700C8E0181AED6E0065EA17 /* Supporting Files */ = {
			isa = PBXGroup;
			children = (
				0238231A182391510087B226 /* 100bpm.mp3 */,
				0238231818238BB90087B226 /* 80bpm_simple_drum.mp3 */,
				450A1A7C182049A500BA5711 /* test1.wav */,
				450A1A7A182047AC00BA5711 /* gameBackground.png */,
				3700C915181AEEF80065EA17 /* backGround.jpg */,
				3700C913181AEE900065EA17 /* Untitled.png */,
				370C6788181C9448008202E3 /* b2.png */,
				37970D0F181F3CF300B75735 /* dodgeItem.png */,
				3700C8E1181AED6E0065EA17 /* basicGame-Info.plist */,
				3700C917181AF2880065EA17 /* player2.png */,
				3700C8E2181AED6E0065EA17 /* InfoPlist.strings */,
				3700C8E5181AED6E0065EA17 /* main.m */,
				3700C8E7181AED6E0065EA17 /* basicGame-Prefix.pch */,
			);
			name = "Supporting Files";
			sourceTree = "<group>";
		};
		3700C903181AED6E0065EA17 /* basicGameTests */ = {
			isa = PBXGroup;
			children = (
				3700C909181AED6E0065EA17 /* basicGameTests.m */,
				3700C904181AED6E0065EA17 /* Supporting Files */,
			);
			path = basicGameTests;
			sourceTree = "<group>";
		};
		3700C904181AED6E0065EA17 /* Supporting Files */ = {
			isa = PBXGroup;
			children = (
				3700C905181AED6E0065EA17 /* basicGameTests-Info.plist */,
				3700C906181AED6E0065EA17 /* InfoPlist.strings */,
			);
			name = "Supporting Files";
			sourceTree = "<group>";
		};
/* End PBXGroup section */

/* Begin PBXNativeTarget section */
		3700C8D3181AED6E0065EA17 /* basicGame */ = {
			isa = PBXNativeTarget;
			buildConfigurationList = 3700C90D181AED6E0065EA17 /* Build configuration list for PBXNativeTarget "basicGame" */;
			buildPhases = (
				3700C8D0181AED6E0065EA17 /* Sources */,
				3700C8D1181AED6E0065EA17 /* Frameworks */,
				3700C8D2181AED6E0065EA17 /* Resources */,
			);
			buildRules = (
			);
			dependencies = (
			);
			name = basicGame;
			productName = basicGame;
			productReference = 3700C8D4181AED6E0065EA17 /* basicGame.app */;
			productType = "com.apple.product-type.application";
		};
		3700C8FB181AED6E0065EA17 /* basicGameTests */ = {
			isa = PBXNativeTarget;
			buildConfigurationList = 3700C910181AED6E0065EA17 /* Build configuration list for PBXNativeTarget "basicGameTests" */;
			buildPhases = (
				3700C8F8181AED6E0065EA17 /* Sources */,
				3700C8F9181AED6E0065EA17 /* Frameworks */,
				3700C8FA181AED6E0065EA17 /* Resources */,
			);
			buildRules = (
			);
			dependencies = (
				3700C902181AED6E0065EA17 /* PBXTargetDependency */,
			);
			name = basicGameTests;
			productName = basicGameTests;
			productReference = 3700C8FC181AED6E0065EA17 /* basicGameTests.xctest */;
			productType = "com.apple.product-type.bundle.unit-test";
		};
/* End PBXNativeTarget section */

/* Begin PBXProject section */
		3700C8CC181AED6E0065EA17 /* Project object */ = {
			isa = PBXProject;
			attributes = {
				LastUpgradeCheck = 0500;
				ORGANIZATIONNAME = "Robert Siry";
				TargetAttributes = {
					3700C8FB181AED6E0065EA17 = {
						TestTargetID = 3700C8D3181AED6E0065EA17;
					};
				};
			};
			buildConfigurationList = 3700C8CF181AED6E0065EA17 /* Build configuration list for PBXProject "basicGame" */;
			compatibilityVersion = "Xcode 3.2";
			developmentRegion = English;
			hasScannedForEncodings = 0;
			knownRegions = (
				en,
				Base,
			);
			mainGroup = 3700C8CB181AED6E0065EA17;
			productRefGroup = 3700C8D5181AED6E0065EA17 /* Products */;
			projectDirPath = "";
			projectRoot = "";
			targets = (
				3700C8D3181AED6E0065EA17 /* basicGame */,
				3700C8FB181AED6E0065EA17 /* basicGameTests */,
			);
		};
/* End PBXProject section */

/* Begin PBXResourcesBuildPhase section */
		3700C8D2181AED6E0065EA17 /* Resources */ = {
			isa = PBXResourcesBuildPhase;
			buildActionMask = 2147483647;
			files = (
				3700C918181AF2880065EA17 /* player2.png in Resources */,
				450A1A7D182049A500BA5711 /* test1.wav in Resources */,
				3700C8E4181AED6E0065EA17 /* InfoPlist.strings in Resources */,
				37970D10181F3CF300B75735 /* dodgeItem.png in Resources */,
				450A1A7B182047AC00BA5711 /* gameBackground.png in Resources */,
				3700C8F7181AED6E0065EA17 /* Images.xcassets in Resources */,
				3700C8F5181AED6E0065EA17 /* Spaceship.png in Resources */,
				0238231B182391510087B226 /* 100bpm.mp3 in Resources */,
				3700C914181AEE900065EA17 /* Untitled.png in Resources */,
				370C6789181C9448008202E3 /* b2.png in Resources */,
				3700C8ED181AED6E0065EA17 /* Main.storyboard in Resources */,
				0238231918238BB90087B226 /* 80bpm_simple_drum.mp3 in Resources */,
				3700C916181AEEF80065EA17 /* backGround.jpg in Resources */,
			);
			runOnlyForDeploymentPostprocessing = 0;
		};
		3700C8FA181AED6E0065EA17 /* Resources */ = {
			isa = PBXResourcesBuildPhase;
			buildActionMask = 2147483647;
			files = (
				3700C908181AED6E0065EA17 /* InfoPlist.strings in Resources */,
			);
			runOnlyForDeploymentPostprocessing = 0;
		};
/* End PBXResourcesBuildPhase section */

/* Begin PBXSourcesBuildPhase section */
		3700C8D0181AED6E0065EA17 /* Sources */ = {
			isa = PBXSourcesBuildPhase;
			buildActionMask = 2147483647;
			files = (
				3700C8F3181AED6E0065EA17 /* MyScene.m in Sources */,
				024B5CB71822E9BF00D26329 /* Gameplay.m in Sources */,
				3700C8F0181AED6E0065EA17 /* ViewController.m in Sources */,
				3700C8EA181AED6E0065EA17 /* AppDelegate.m in Sources */,
				3700C8E6181AED6E0065EA17 /* main.m in Sources */,
			);
			runOnlyForDeploymentPostprocessing = 0;
		};
		3700C8F8181AED6E0065EA17 /* Sources */ = {
			isa = PBXSourcesBuildPhase;
			buildActionMask = 2147483647;
			files = (
				3700C90A181AED6E0065EA17 /* basicGameTests.m in Sources */,
			);
			runOnlyForDeploymentPostprocessing = 0;
		};
/* End PBXSourcesBuildPhase section */

/* Begin PBXTargetDependency section */
		3700C902181AED6E0065EA17 /* PBXTargetDependency */ = {
			isa = PBXTargetDependency;
			target = 3700C8D3181AED6E0065EA17 /* basicGame */;
			targetProxy = 3700C901181AED6E0065EA17 /* PBXContainerItemProxy */;
		};
/* End PBXTargetDependency section */

/* Begin PBXVariantGroup section */
		3700C8E2181AED6E0065EA17 /* InfoPlist.strings */ = {
			isa = PBXVariantGroup;
			children = (
				3700C8E3181AED6E0065EA17 /* en */,
			);
			name = InfoPlist.strings;
			sourceTree = "<group>";
		};
		3700C8EB181AED6E0065EA17 /* Main.storyboard */ = {
			isa = PBXVariantGroup;
			children = (
				3700C8EC181AED6E0065EA17 /* Base */,
			);
			name = Main.storyboard;
			sourceTree = "<group>";
		};
		3700C906181AED6E0065EA17 /* InfoPlist.strings */ = {
			isa = PBXVariantGroup;
			children = (
				3700C907181AED6E0065EA17 /* en */,
			);
			name = InfoPlist.strings;
			sourceTree = "<group>";
		};
/* End PBXVariantGroup section */

/* Begin XCBuildConfiguration section */
		3700C90B181AED6E0065EA17 /* Debug */ = {
			isa = XCBuildConfiguration;
			buildSettings = {
				ALWAYS_SEARCH_USER_PATHS = NO;
				ARCHS = "$(ARCHS_STANDARD_INCLUDING_64_BIT)";
				CLANG_CXX_LANGUAGE_STANDARD = "gnu++0x";
				CLANG_CXX_LIBRARY = "libc++";
				CLANG_ENABLE_MODULES = YES;
				CLANG_ENABLE_OBJC_ARC = YES;
				CLANG_WARN_BOOL_CONVERSION = YES;
				CLANG_WARN_CONSTANT_CONVERSION = YES;
				CLANG_WARN_DIRECT_OBJC_ISA_USAGE = YES_ERROR;
				CLANG_WARN_EMPTY_BODY = YES;
				CLANG_WARN_ENUM_CONVERSION = YES;
				CLANG_WARN_INT_CONVERSION = YES;
				CLANG_WARN_OBJC_ROOT_CLASS = YES_ERROR;
				CLANG_WARN__DUPLICATE_METHOD_MATCH = YES;
				"CODE_SIGN_IDENTITY[sdk=iphoneos*]" = "iPhone Developer";
				COPY_PHASE_STRIP = NO;
				GCC_C_LANGUAGE_STANDARD = gnu99;
				GCC_DYNAMIC_NO_PIC = NO;
				GCC_OPTIMIZATION_LEVEL = 0;
				GCC_PREPROCESSOR_DEFINITIONS = (
					"DEBUG=1",
					"$(inherited)",
				);
				GCC_SYMBOLS_PRIVATE_EXTERN = NO;
				GCC_WARN_64_TO_32_BIT_CONVERSION = YES;
				GCC_WARN_ABOUT_RETURN_TYPE = YES_ERROR;
				GCC_WARN_UNDECLARED_SELECTOR = YES;
				GCC_WARN_UNINITIALIZED_AUTOS = YES;
				GCC_WARN_UNUSED_FUNCTION = YES;
				GCC_WARN_UNUSED_VARIABLE = YES;
				IPHONEOS_DEPLOYMENT_TARGET = 7.0;
				ONLY_ACTIVE_ARCH = YES;
				SDKROOT = iphoneos;
				TARGETED_DEVICE_FAMILY = 2;
			};
			name = Debug;
		};
		3700C90C181AED6E0065EA17 /* Release */ = {
			isa = XCBuildConfiguration;
			buildSettings = {
				ALWAYS_SEARCH_USER_PATHS = NO;
				ARCHS = "$(ARCHS_STANDARD_INCLUDING_64_BIT)";
				CLANG_CXX_LANGUAGE_STANDARD = "gnu++0x";
				CLANG_CXX_LIBRARY = "libc++";
				CLANG_ENABLE_MODULES = YES;
				CLANG_ENABLE_OBJC_ARC = YES;
				CLANG_WARN_BOOL_CONVERSION = YES;
				CLANG_WARN_CONSTANT_CONVERSION = YES;
				CLANG_WARN_DIRECT_OBJC_ISA_USAGE = YES_ERROR;
				CLANG_WARN_EMPTY_BODY = YES;
				CLANG_WARN_ENUM_CONVERSION = YES;
				CLANG_WARN_INT_CONVERSION = YES;
				CLANG_WARN_OBJC_ROOT_CLASS = YES_ERROR;
				CLANG_WARN__DUPLICATE_METHOD_MATCH = YES;
				"CODE_SIGN_IDENTITY[sdk=iphoneos*]" = "iPhone Developer";
				COPY_PHASE_STRIP = YES;
				ENABLE_NS_ASSERTIONS = NO;
				GCC_C_LANGUAGE_STANDARD = gnu99;
				GCC_WARN_64_TO_32_BIT_CONVERSION = YES;
				GCC_WARN_ABOUT_RETURN_TYPE = YES_ERROR;
				GCC_WARN_UNDECLARED_SELECTOR = YES;
				GCC_WARN_UNINITIALIZED_AUTOS = YES;
				GCC_WARN_UNUSED_FUNCTION = YES;
				GCC_WARN_UNUSED_VARIABLE = YES;
				IPHONEOS_DEPLOYMENT_TARGET = 7.0;
				SDKROOT = iphoneos;
				TARGETED_DEVICE_FAMILY = 2;
				VALIDATE_PRODUCT = YES;
			};
			name = Release;
		};
		3700C90E181AED6E0065EA17 /* Debug */ = {
			isa = XCBuildConfiguration;
			buildSettings = {
				ASSETCATALOG_COMPILER_APPICON_NAME = AppIcon;
				ASSETCATALOG_COMPILER_LAUNCHIMAGE_NAME = LaunchImage;
				GCC_PRECOMPILE_PREFIX_HEADER = YES;
				GCC_PREFIX_HEADER = "basicGame/basicGame-Prefix.pch";
				INFOPLIST_FILE = "basicGame/basicGame-Info.plist";
				PRODUCT_NAME = "$(TARGET_NAME)";
				SPRITEKIT_TEXTURE_ATLAS_OUTPUT = YES;
				WRAPPER_EXTENSION = app;
			};
			name = Debug;
		};
		3700C90F181AED6E0065EA17 /* Release */ = {
			isa = XCBuildConfiguration;
			buildSettings = {
				ASSETCATALOG_COMPILER_APPICON_NAME = AppIcon;
				ASSETCATALOG_COMPILER_LAUNCHIMAGE_NAME = LaunchImage;
				GCC_PRECOMPILE_PREFIX_HEADER = YES;
				GCC_PREFIX_HEADER = "basicGame/basicGame-Prefix.pch";
				INFOPLIST_FILE = "basicGame/basicGame-Info.plist";
				PRODUCT_NAME = "$(TARGET_NAME)";
				SPRITEKIT_TEXTURE_ATLAS_OUTPUT = YES;
				WRAPPER_EXTENSION = app;
			};
			name = Release;
		};
		3700C911181AED6E0065EA17 /* Debug */ = {
			isa = XCBuildConfiguration;
			buildSettings = {
				ARCHS = "$(ARCHS_STANDARD_INCLUDING_64_BIT)";
				BUNDLE_LOADER = "$(BUILT_PRODUCTS_DIR)/basicGame.app/basicGame";
				FRAMEWORK_SEARCH_PATHS = (
					"$(SDKROOT)/Developer/Library/Frameworks",
					"$(inherited)",
					"$(DEVELOPER_FRAMEWORKS_DIR)",
				);
				GCC_PRECOMPILE_PREFIX_HEADER = YES;
				GCC_PREFIX_HEADER = "basicGame/basicGame-Prefix.pch";
				GCC_PREPROCESSOR_DEFINITIONS = (
					"DEBUG=1",
					"$(inherited)",
				);
				INFOPLIST_FILE = "basicGameTests/basicGameTests-Info.plist";
				PRODUCT_NAME = "$(TARGET_NAME)";
				TEST_HOST = "$(BUNDLE_LOADER)";
				WRAPPER_EXTENSION = xctest;
			};
			name = Debug;
		};
		3700C912181AED6E0065EA17 /* Release */ = {
			isa = XCBuildConfiguration;
			buildSettings = {
				ARCHS = "$(ARCHS_STANDARD_INCLUDING_64_BIT)";
				BUNDLE_LOADER = "$(BUILT_PRODUCTS_DIR)/basicGame.app/basicGame";
				FRAMEWORK_SEARCH_PATHS = (
					"$(SDKROOT)/Developer/Library/Frameworks",
					"$(inherited)",
					"$(DEVELOPER_FRAMEWORKS_DIR)",
				);
				GCC_PRECOMPILE_PREFIX_HEADER = YES;
				GCC_PREFIX_HEADER = "basicGame/basicGame-Prefix.pch";
				INFOPLIST_FILE = "basicGameTests/basicGameTests-Info.plist";
				PRODUCT_NAME = "$(TARGET_NAME)";
				TEST_HOST = "$(BUNDLE_LOADER)";
				WRAPPER_EXTENSION = xctest;
			};
			name = Release;
		};
/* End XCBuildConfiguration section */

/* Begin XCConfigurationList section */
		3700C8CF181AED6E0065EA17 /* Build configuration list for PBXProject "basicGame" */ = {
			isa = XCConfigurationList;
			buildConfigurations = (
				3700C90B181AED6E0065EA17 /* Debug */,
				3700C90C181AED6E0065EA17 /* Release */,
			);
			defaultConfigurationIsVisible = 0;
			defaultConfigurationName = Release;
		};
		3700C90D181AED6E0065EA17 /* Build configuration list for PBXNativeTarget "basicGame" */ = {
			isa = XCConfigurationList;
			buildConfigurations = (
				3700C90E181AED6E0065EA17 /* Debug */,
				3700C90F181AED6E0065EA17 /* Release */,
			);
			defaultConfigurationIsVisible = 0;
			defaultConfigurationName = Release;
		};
		3700C910181AED6E0065EA17 /* Build configuration list for PBXNativeTarget "basicGameTests" */ = {
			isa = XCConfigurationList;
			buildConfigurations = (
				3700C911181AED6E0065EA17 /* Debug */,
				3700C912181AED6E0065EA17 /* Release */,
			);
			defaultConfigurationIsVisible = 0;
			defaultConfigurationName = Release;
		};
/* End XCConfigurationList section */
	};
	rootObject = 3700C8CC181AED6E0065EA17 /* Project object */;
}
